// !$*UTF8*$!
{
	archiveVersion = 1;
	classes = {
	};
	objectVersion = 46;
	objects = {

/* Begin PBXBuildFile section */
		1D266FEE1D671F0400D72C0C /* main.m in Sources */ = {isa = PBXBuildFile; fileRef = 1D266FED1D671F0400D72C0C /* main.m */; };
		1D266FF11D671F0400D72C0C /* AppDelegate.m in Sources */ = {isa = PBXBuildFile; fileRef = 1D266FF01D671F0400D72C0C /* AppDelegate.m */; };
		1D266FF41D671F0400D72C0C /* ViewController.m in Sources */ = {isa = PBXBuildFile; fileRef = 1D266FF31D671F0400D72C0C /* ViewController.m */; };
		1D266FF71D671F0400D72C0C /* Main.storyboard in Resources */ = {isa = PBXBuildFile; fileRef = 1D266FF51D671F0400D72C0C /* Main.storyboard */; };
		1D266FF91D671F0400D72C0C /* Assets.xcassets in Resources */ = {isa = PBXBuildFile; fileRef = 1D266FF81D671F0400D72C0C /* Assets.xcassets */; };
		1D266FFC1D671F0400D72C0C /* LaunchScreen.storyboard in Resources */ = {isa = PBXBuildFile; fileRef = 1D266FFA1D671F0400D72C0C /* LaunchScreen.storyboard */; };
		1D2670071D671F0400D72C0C /* segmentedControll_testTests.m in Sources */ = {isa = PBXBuildFile; fileRef = 1D2670061D671F0400D72C0C /* segmentedControll_testTests.m */; };
		1D2670121D671F0400D72C0C /* segmentedControll_testUITests.m in Sources */ = {isa = PBXBuildFile; fileRef = 1D2670111D671F0400D72C0C /* segmentedControll_testUITests.m */; };
/* End PBXBuildFile section */

/* Begin PBXContainerItemProxy section */
		1D2670031D671F0400D72C0C /* PBXContainerItemProxy */ = {
			isa = PBXContainerItemProxy;
			containerPortal = 1D266FE11D671F0400D72C0C /* Project object */;
			proxyType = 1;
			remoteGlobalIDString = 1D266FE81D671F0400D72C0C;
			remoteInfo = segmentedControll_test;
		};
		1D26700E1D671F0400D72C0C /* PBXContainerItemProxy */ = {
			isa = PBXContainerItemProxy;
			containerPortal = 1D266FE11D671F0400D72C0C /* Project object */;
			proxyType = 1;
			remoteGlobalIDString = 1D266FE81D671F0400D72C0C;
			remoteInfo = segmentedControll_test;
		};
/* End PBXContainerItemProxy section */

/* Begin PBXFileReference section */
		1D266FE91D671F0400D72C0C /* segmentedControll_test.app */ = {isa = PBXFileReference; explicitFileType = wrapper.application; includeInIndex = 0; path = segmentedControll_test.app; sourceTree = BUILT_PRODUCTS_DIR; };
		1D266FED1D671F0400D72C0C /* main.m */ = {isa = PBXFileReference; lastKnownFileType = sourcecode.c.objc; path = main.m; sourceTree = "<group>"; };
		1D266FEF1D671F0400D72C0C /* AppDelegate.h */ = {isa = PBXFileReference; lastKnownFileType = sourcecode.c.h; path = AppDelegate.h; sourceTree = "<group>"; };
		1D266FF01D671F0400D72C0C /* AppDelegate.m */ = {isa = PBXFileReference; lastKnownFileType = sourcecode.c.objc; path = AppDelegate.m; sourceTree = "<group>"; };
		1D266FF21D671F0400D72C0C /* ViewController.h */ = {isa = PBXFileReference; lastKnownFileType = sourcecode.c.h; path = ViewController.h; sourceTree = "<group>"; };
		1D266FF31D671F0400D72C0C /* ViewController.m */ = {isa = PBXFileReference; lastKnownFileType = sourcecode.c.objc; path = ViewController.m; sourceTree = "<group>"; };
		1D266FF61D671F0400D72C0C /* Base */ = {isa = PBXFileReference; lastKnownFileType = file.storyboard; name = Base; path = Base.lproj/Main.storyboard; sourceTree = "<group>"; };
		1D266FF81D671F0400D72C0C /* Assets.xcassets */ = {isa = PBXFileReference; lastKnownFileType = folder.assetcatalog; path = Assets.xcassets; sourceTree = "<group>"; };
		1D266FFB1D671F0400D72C0C /* Base */ = {isa = PBXFileReference; lastKnownFileType = file.storyboard; name = Base; path = Base.lproj/LaunchScreen.storyboard; sourceTree = "<group>"; };
		1D266FFD1D671F0400D72C0C /* Info.plist */ = {isa = PBXFileReference; lastKnownFileType = text.plist.xml; path = Info.plist; sourceTree = "<group>"; };
		1D2670021D671F0400D72C0C /* segmentedControll_testTests.xctest */ = {isa = PBXFileReference; explicitFileType = wrapper.cfbundle; includeInIndex = 0; path = segmentedControll_testTests.xctest; sourceTree = BUILT_PRODUCTS_DIR; };
		1D2670061D671F0400D72C0C /* segmentedControll_testTests.m */ = {isa = PBXFileReference; lastKnownFileType = sourcecode.c.objc; path = segmentedControll_testTests.m; sourceTree = "<group>"; };
		1D2670081D671F0400D72C0C /* Info.plist */ = {isa = PBXFileReference; lastKnownFileType = text.plist.xml; path = Info.plist; sourceTree = "<group>"; };
		1D26700D1D671F0400D72C0C /* segmentedControll_testUITests.xctest */ = {isa = PBXFileReference; explicitFileType = wrapper.cfbundle; includeInIndex = 0; path = segmentedControll_testUITests.xctest; sourceTree = BUILT_PRODUCTS_DIR; };
		1D2670111D671F0400D72C0C /* segmentedControll_testUITests.m */ = {isa = PBXFileReference; lastKnownFileType = sourcecode.c.objc; path = segmentedControll_testUITests.m; sourceTree = "<group>"; };
		1D2670131D671F0400D72C0C /* Info.plist */ = {isa = PBXFileReference; lastKnownFileType = text.plist.xml; path = Info.plist; sourceTree = "<group>"; };
/* End PBXFileReference section */

/* Begin PBXFrameworksBuildPhase section */
		1D266FE61D671F0400D72C0C /* Frameworks */ = {
			isa = PBXFrameworksBuildPhase;
			buildActionMask = 2147483647;
			files = (
			);
			runOnlyForDeploymentPostprocessing = 0;
		};
		1D266FFF1D671F0400D72C0C /* Frameworks */ = {
			isa = PBXFrameworksBuildPhase;
			buildActionMask = 2147483647;
			files = (
			);
			runOnlyForDeploymentPostprocessing = 0;
		};
		1D26700A1D671F0400D72C0C /* Frameworks */ = {
			isa = PBXFrameworksBuildPhase;
			buildActionMask = 2147483647;
			files = (
			);
			runOnlyForDeploymentPostprocessing = 0;
		};
/* End PBXFrameworksBuildPhase section */

/* Begin PBXGroup section */
		1D266FE01D671F0400D72C0C = {
			isa = PBXGroup;
			children = (
				1D266FEB1D671F0400D72C0C /* segmentedControll_test */,
				1D2670051D671F0400D72C0C /* segmentedControll_testTests */,
				1D2670101D671F0400D72C0C /* segmentedControll_testUITests */,
				1D266FEA1D671F0400D72C0C /* Products */,
			);
			sourceTree = "<group>";
		};
		1D266FEA1D671F0400D72C0C /* Products */ = {
			isa = PBXGroup;
			children = (
				1D266FE91D671F0400D72C0C /* segmentedControll_test.app */,
				1D2670021D671F0400D72C0C /* segmentedControll_testTests.xctest */,
				1D26700D1D671F0400D72C0C /* segmentedControll_testUITests.xctest */,
			);
			name = Products;
			sourceTree = "<group>";
		};
		1D266FEB1D671F0400D72C0C /* segmentedControll_test */ = {
			isa = PBXGroup;
			children = (
				1D266FEF1D671F0400D72C0C /* AppDelegate.h */,
				1D266FF01D671F0400D72C0C /* AppDelegate.m */,
				1D266FF21D671F0400D72C0C /* ViewController.h */,
				1D266FF31D671F0400D72C0C /* ViewController.m */,
				1D266FF51D671F0400D72C0C /* Main.storyboard */,
				1D266FF81D671F0400D72C0C /* Assets.xcassets */,
				1D266FFA1D671F0400D72C0C /* LaunchScreen.storyboard */,
				1D266FFD1D671F0400D72C0C /* Info.plist */,
				1D266FEC1D671F0400D72C0C /* Supporting Files */,
			);
			path = segmentedControll_test;
			sourceTree = "<group>";
		};
		1D266FEC1D671F0400D72C0C /* Supporting Files */ = {
			isa = PBXGroup;
			children = (
				1D266FED1D671F0400D72C0C /* main.m */,
			);
			name = "Supporting Files";
			sourceTree = "<group>";
		};
		1D2670051D671F0400D72C0C /* segmentedControll_testTests */ = {
			isa = PBXGroup;
			children = (
				1D2670061D671F0400D72C0C /* segmentedControll_testTests.m */,
				1D2670081D671F0400D72C0C /* Info.plist */,
			);
			path = segmentedControll_testTests;
			sourceTree = "<group>";
		};
		1D2670101D671F0400D72C0C /* segmentedControll_testUITests */ = {
			isa = PBXGroup;
			children = (
				1D2670111D671F0400D72C0C /* segmentedControll_testUITests.m */,
				1D2670131D671F0400D72C0C /* Info.plist */,
			);
			path = segmentedControll_testUITests;
			sourceTree = "<group>";
		};
/* End PBXGroup section */

/* Begin PBXNativeTarget section */
		1D266FE81D671F0400D72C0C /* segmentedControll_test */ = {
			isa = PBXNativeTarget;
			buildConfigurationList = 1D2670161D671F0400D72C0C /* Build configuration list for PBXNativeTarget "segmentedControll_test" */;
			buildPhases = (
				1D266FE51D671F0400D72C0C /* Sources */,
				1D266FE61D671F0400D72C0C /* Frameworks */,
				1D266FE71D671F0400D72C0C /* Resources */,
			);
			buildRules = (
			);
			dependencies = (
			);
			name = segmentedControll_test;
			productName = segmentedControll_test;
			productReference = 1D266FE91D671F0400D72C0C /* segmentedControll_test.app */;
			productType = "com.apple.product-type.application";
		};
		1D2670011D671F0400D72C0C /* segmentedControll_testTests */ = {
			isa = PBXNativeTarget;
			buildConfigurationList = 1D2670191D671F0400D72C0C /* Build configuration list for PBXNativeTarget "segmentedControll_testTests" */;
			buildPhases = (
				1D266FFE1D671F0400D72C0C /* Sources */,
				1D266FFF1D671F0400D72C0C /* Frameworks */,
				1D2670001D671F0400D72C0C /* Resources */,
			);
			buildRules = (
			);
			dependencies = (
				1D2670041D671F0400D72C0C /* PBXTargetDependency */,
			);
			name = segmentedControll_testTests;
			productName = segmentedControll_testTests;
			productReference = 1D2670021D671F0400D72C0C /* segmentedControll_testTests.xctest */;
			productType = "com.apple.product-type.bundle.unit-test";
		};
		1D26700C1D671F0400D72C0C /* segmentedControll_testUITests */ = {
			isa = PBXNativeTarget;
			buildConfigurationList = 1D26701C1D671F0400D72C0C /* Build configuration list for PBXNativeTarget "segmentedControll_testUITests" */;
			buildPhases = (
				1D2670091D671F0400D72C0C /* Sources */,
				1D26700A1D671F0400D72C0C /* Frameworks */,
				1D26700B1D671F0400D72C0C /* Resources */,
			);
			buildRules = (
			);
			dependencies = (
				1D26700F1D671F0400D72C0C /* PBXTargetDependency */,
			);
			name = segmentedControll_testUITests;
			productName = segmentedControll_testUITests;
			productReference = 1D26700D1D671F0400D72C0C /* segmentedControll_testUITests.xctest */;
			productType = "com.apple.product-type.bundle.ui-testing";
		};
/* End PBXNativeTarget section */

/* Begin PBXProject section */
		1D266FE11D671F0400D72C0C /* Project object */ = {
			isa = PBXProject;
			attributes = {
				LastUpgradeCheck = 0730;
				ORGANIZATIONNAME = "鹏 刘";
				TargetAttributes = {
					1D266FE81D671F0400D72C0C = {
						CreatedOnToolsVersion = 7.3;
						DevelopmentTeam = M2S6NN7DP8;
					};
					1D2670011D671F0400D72C0C = {
						CreatedOnToolsVersion = 7.3;
						DevelopmentTeam = M2S6NN7DP8;
						TestTargetID = 1D266FE81D671F0400D72C0C;
					};
					1D26700C1D671F0400D72C0C = {
						CreatedOnToolsVersion = 7.3;
						DevelopmentTeam = M2S6NN7DP8;
						TestTargetID = 1D266FE81D671F0400D72C0C;
					};
				};
			};
			buildConfigurationList = 1D266FE41D671F0400D72C0C /* Build configuration list for PBXProject "segmentedControll_test" */;
			compatibilityVersion = "Xcode 3.2";
			developmentRegion = English;
			hasScannedForEncodings = 0;
			knownRegions = (
				en,
				Base,
			);
			mainGroup = 1D266FE01D671F0400D72C0C;
			productRefGroup = 1D266FEA1D671F0400D72C0C /* Products */;
			projectDirPath = "";
			projectRoot = "";
			targets = (
				1D266FE81D671F0400D72C0C /* segmentedControll_test */,
				1D2670011D671F0400D72C0C /* segmentedControll_testTests */,
				1D26700C1D671F0400D72C0C /* segmentedControll_testUITests */,
			);
		};
/* End PBXProject section */

/* Begin PBXResourcesBuildPhase section */
		1D266FE71D671F0400D72C0C /* Resources */ = {
			isa = PBXResourcesBuildPhase;
			buildActionMask = 2147483647;
			files = (
				1D266FFC1D671F0400D72C0C /* LaunchScreen.storyboard in Resources */,
				1D266FF91D671F0400D72C0C /* Assets.xcassets in Resources */,
				1D266FF71D671F0400D72C0C /* Main.storyboard in Resources */,
			);
			runOnlyForDeploymentPostprocessing = 0;
		};
		1D2670001D671F0400D72C0C /* Resources */ = {
			isa = PBXResourcesBuildPhase;
			buildActionMask = 2147483647;
			files = (
			);
			runOnlyForDeploymentPostprocessing = 0;
		};
		1D26700B1D671F0400D72C0C /* Resources */ = {
			isa = PBXResourcesBuildPhase;
			buildActionMask = 2147483647;
			files = (
			);
			runOnlyForDeploymentPostprocessing = 0;
		};
/* End PBXResourcesBuildPhase section */

/* Begin PBXSourcesBuildPhase section */
		1D266FE51D671F0400D72C0C /* Sources */ = {
			isa = PBXSourcesBuildPhase;
			buildActionMask = 2147483647;
			files = (
				1D266FF41D671F0400D72C0C /* ViewController.m in Sources */,
				1D266FF11D671F0400D72C0C /* AppDelegate.m in Sources */,
				1D266FEE1D671F0400D72C0C /* main.m in Sources */,
			);
			runOnlyForDeploymentPostprocessing = 0;
		};
		1D266FFE1D671F0400D72C0C /* Sources */ = {
			isa = PBXSourcesBuildPhase;
			buildActionMask = 2147483647;
			files = (
				1D2670071D671F0400D72C0C /* segmentedControll_testTests.m in Sources */,
			);
			runOnlyForDeploymentPostprocessing = 0;
		};
		1D2670091D671F0400D72C0C /* Sources */ = {
			isa = PBXSourcesBuildPhase;
			buildActionMask = 2147483647;
			files = (
				1D2670121D671F0400D72C0C /* segmentedControll_testUITests.m in Sources */,
			);
			runOnlyForDeploymentPostprocessing = 0;
		};
/* End PBXSourcesBuildPhase section */

/* Begin PBXTargetDependency section */
		1D2670041D671F0400D72C0C /* PBXTargetDependency */ = {
			isa = PBXTargetDependency;
			target = 1D266FE81D671F0400D72C0C /* segmentedControll_test */;
			targetProxy = 1D2670031D671F0400D72C0C /* PBXContainerItemProxy */;
		};
		1D26700F1D671F0400D72C0C /* PBXTargetDependency */ = {
			isa = PBXTargetDependency;
			target = 1D266FE81D671F0400D72C0C /* segmentedControll_test */;
			targetProxy = 1D26700E1D671F0400D72C0C /* PBXContainerItemProxy */;
		};
/* End PBXTargetDependency section */

/* Begin PBXVariantGroup section */
		1D266FF51D671F0400D72C0C /* Main.storyboard */ = {
			isa = PBXVariantGroup;
			children = (
				1D266FF61D671F0400D72C0C /* Base */,
			);
			name = Main.storyboard;
			sourceTree = "<group>";
		};
		1D266FFA1D671F0400D72C0C /* LaunchScreen.storyboard */ = {
			isa = PBXVariantGroup;
			children = (
				1D266FFB1D671F0400D72C0C /* Base */,
			);
			name = LaunchScreen.storyboard;
			sourceTree = "<group>";
		};
/* End PBXVariantGroup section */

/* Begin XCBuildConfiguration section */
		1D2670141D671F0400D72C0C /* Debug */ = {
			isa = XCBuildConfiguration;
			buildSettings = {
				ALWAYS_SEARCH_USER_PATHS = NO;
				CLANG_ANALYZER_NONNULL = YES;
				CLANG_CXX_LANGUAGE_STANDARD = "gnu++0x";
				CLANG_CXX_LIBRARY = "libc++";
				CLANG_ENABLE_MODULES = YES;
				CLANG_ENABLE_OBJC_ARC = YES;
				CLANG_WARN_BOOL_CONVERSION = YES;
				CLANG_WARN_CONSTANT_CONVERSION = YES;
				CLANG_WARN_DIRECT_OBJC_ISA_USAGE = YES_ERROR;
				CLANG_WARN_EMPTY_BODY = YES;
				CLANG_WARN_ENUM_CONVERSION = YES;
				CLANG_WARN_INT_CONVERSION = YES;
				CLANG_WARN_OBJC_ROOT_CLASS = YES_ERROR;
				CLANG_WARN_UNREACHABLE_CODE = YES;
				CLANG_WARN__DUPLICATE_METHOD_MATCH = YES;
				"CODE_SIGN_IDENTITY[sdk=iphoneos*]" = "iPhone Developer";
				COPY_PHASE_STRIP = NO;
				DEBUG_INFORMATION_FORMAT = dwarf;
				ENABLE_STRICT_OBJC_MSGSEND = YES;
				ENABLE_TESTABILITY = YES;
				GCC_C_LANGUAGE_STANDARD = gnu99;
				GCC_DYNAMIC_NO_PIC = NO;
				GCC_NO_COMMON_BLOCKS = YES;
				GCC_OPTIMIZATION_LEVEL = 0;
				GCC_PREPROCESSOR_DEFINITIONS = (
					"DEBUG=1",
					"$(inherited)",
				);
				GCC_WARN_64_TO_32_BIT_CONVERSION = YES;
				GCC_WARN_ABOUT_RETURN_TYPE = YES_ERROR;
				GCC_WARN_UNDECLARED_SELECTOR = YES;
				GCC_WARN_UNINITIALIZED_AUTOS = YES_AGGRESSIVE;
				GCC_WARN_UNUSED_FUNCTION = YES;
				GCC_WARN_UNUSED_VARIABLE = YES;
				IPHONEOS_DEPLOYMENT_TARGET = 9.3;
				MTL_ENABLE_DEBUG_INFO = YES;
				ONLY_ACTIVE_ARCH = YES;
				SDKROOT = iphoneos;
			};
			name = Debug;
		};
		1D2670151D671F0400D72C0C /* Release */ = {
			isa = XCBuildConfiguration;
			buildSettings = {
				ALWAYS_SEARCH_USER_PATHS = NO;
				CLANG_ANALYZER_NONNULL = YES;
				CLANG_CXX_LANGUAGE_STANDARD = "gnu++0x";
				CLANG_CXX_LIBRARY = "libc++";
				CLANG_ENABLE_MODULES = YES;
				CLANG_ENABLE_OBJC_ARC = YES;
				CLANG_WARN_BOOL_CONVERSION = YES;
				CLANG_WARN_CONSTANT_CONVERSION = YES;
				CLANG_WARN_DIRECT_OBJC_ISA_USAGE = YES_ERROR;
				CLANG_WARN_EMPTY_BODY = YES;
				CLANG_WARN_ENUM_CONVERSION = YES;
				CLANG_WARN_INT_CONVERSION = YES;
				CLANG_WARN_OBJC_ROOT_CLASS = YES_ERROR;
				CLANG_WARN_UNREACHABLE_CODE = YES;
				CLANG_WARN__DUPLICATE_METHOD_MATCH = YES;
				"CODE_SIGN_IDENTITY[sdk=iphoneos*]" = "iPhone Developer";
				COPY_PHASE_STRIP = NO;
				DEBUG_INFORMATION_FORMAT = "dwarf-with-dsym";
				ENABLE_NS_ASSERTIONS = NO;
				ENABLE_STRICT_OBJC_MSGSEND = YES;
				GCC_C_LANGUAGE_STANDARD = gnu99;
				GCC_NO_COMMON_BLOCKS = YES;
				GCC_WARN_64_TO_32_BIT_CONVERSION = YES;
				GCC_WARN_ABOUT_RETURN_TYPE = YES_ERROR;
				GCC_WARN_UNDECLARED_SELECTOR = YES;
				GCC_WARN_UNINITIALIZED_AUTOS = YES_AGGRESSIVE;
				GCC_WARN_UNUSED_FUNCTION = YES;
				GCC_WARN_UNUSED_VARIABLE = YES;
				IPHONEOS_DEPLOYMENT_TARGET = 9.3;
				MTL_ENABLE_DEBUG_INFO = NO;
				SDKROOT = iphoneos;
				VALIDATE_PRODUCT = YES;
			};
			name = Release;
		};
		1D2670171D671F0400D72C0C /* Debug */ = {
			isa = XCBuildConfiguration;
			buildSettings = {
				ASSETCATALOG_COMPILER_APPICON_NAME = AppIcon;
				INFOPLIST_FILE = segmentedControll_test/Info.plist;
				LD_RUNPATH_SEARCH_PATHS = "$(inherited) @executable_path/Frameworks";
				PRODUCT_BUNDLE_IDENTIFIER = "ios.segmentedControll-test";
				PRODUCT_NAME = "$(TARGET_NAME)";
			};
			name = Debug;
		};
		1D2670181D671F0400D72C0C /* Release */ = {
			isa = XCBuildConfiguration;
			buildSettings = {
				ASSETCATALOG_COMPILER_APPICON_NAME = AppIcon;
				INFOPLIST_FILE = segmentedControll_test/Info.plist;
				LD_RUNPATH_SEARCH_PATHS = "$(inherited) @executable_path/Frameworks";
				PRODUCT_BUNDLE_IDENTIFIER = "ios.segmentedControll-test";
				PRODUCT_NAME = "$(TARGET_NAME)";
			};
			name = Release;
		};
		1D26701A1D671F0400D72C0C /* Debug */ = {
			isa = XCBuildConfiguration;
			buildSettings = {
				BUNDLE_LOADER = "$(TEST_HOST)";
				INFOPLIST_FILE = segmentedControll_testTests/Info.plist;
				LD_RUNPATH_SEARCH_PATHS = "$(inherited) @executable_path/Frameworks @loader_path/Frameworks";
				PRODUCT_BUNDLE_IDENTIFIER = "ios.segmentedControll-testTests";
				PRODUCT_NAME = "$(TARGET_NAME)";
				TEST_HOST = "$(BUILT_PRODUCTS_DIR)/segmentedControll_test.app/segmentedControll_test";
			};
			name = Debug;
		};
		1D26701B1D671F0400D72C0C /* Release */ = {
			isa = XCBuildConfiguration;
			buildSettings = {
				BUNDLE_LOADER = "$(TEST_HOST)";
				INFOPLIST_FILE = segmentedControll_testTests/Info.plist;
				LD_RUNPATH_SEARCH_PATHS = "$(inherited) @executable_path/Frameworks @loader_path/Frameworks";
				PRODUCT_BUNDLE_IDENTIFIER = "ios.segmentedControll-testTests";
				PRODUCT_NAME = "$(TARGET_NAME)";
				TEST_HOST = "$(BUILT_PRODUCTS_DIR)/segmentedControll_test.app/segmentedControll_test";
			};
			name = Release;
		};
		1D26701D1D671F0400D72C0C /* Debug */ = {
			isa = XCBuildConfiguration;
			buildSettings = {
				INFOPLIST_FILE = segmentedControll_testUITests/Info.plist;
				LD_RUNPATH_SEARCH_PATHS = "$(inherited) @executable_path/Frameworks @loader_path/Frameworks";
				PRODUCT_BUNDLE_IDENTIFIER = "ios.segmentedControll-testUITests";
				PRODUCT_NAME = "$(TARGET_NAME)";
				TEST_TARGET_NAME = segmentedControll_test;
			};
			name = Debug;
		};
		1D26701E1D671F0400D72C0C /* Release */ = {
			isa = XCBuildConfiguration;
			buildSettings = {
				INFOPLIST_FILE = segmentedControll_testUITests/Info.plist;
				LD_RUNPATH_SEARCH_PATHS = "$(inherited) @executable_path/Frameworks @loader_path/Frameworks";
				PRODUCT_BUNDLE_IDENTIFIER = "ios.segmentedControll-testUITests";
				PRODUCT_NAME = "$(TARGET_NAME)";
				TEST_TARGET_NAME = segmentedControll_test;
			};
			name = Release;
		};
/* End XCBuildConfiguration section */

/* Begin XCConfigurationList section */
		1D266FE41D671F0400D72C0C /* Build configuration list for PBXProject "segmentedControll_test" */ = {
			isa = XCConfigurationList;
			buildConfigurations = (
				1D2670141D671F0400D72C0C /* Debug */,
				1D2670151D671F0400D72C0C /* Release */,
			);
			defaultConfigurationIsVisible = 0;
			defaultConfigurationName = Release;
		};
		1D2670161D671F0400D72C0C /* Build configuration list for PBXNativeTarget "segmentedControll_test" */ = {
			isa = XCConfigurationList;
			buildConfigurations = (
				1D2670171D671F0400D72C0C /* Debug */,
				1D2670181D671F0400D72C0C /* Release */,
			);
			defaultConfigurationIsVisible = 0;
		};
		1D2670191D671F0400D72C0C /* Build configuration list for PBXNativeTarget "segmentedControll_testTests" */ = {
			isa = XCConfigurationList;
			buildConfigurations = (
				1D26701A1D671F0400D72C0C /* Debug */,
				1D26701B1D671F0400D72C0C /* Release */,
			);
			defaultConfigurationIsVisible = 0;
		};
		1D26701C1D671F0400D72C0C /* Build configuration list for PBXNativeTarget "segmentedControll_testUITests" */ = {
			isa = XCConfigurationList;
			buildConfigurations = (
				1D26701D1D671F0400D72C0C /* Debug */,
				1D26701E1D671F0400D72C0C /* Release */,
			);
			defaultConfigurationIsVisible = 0;
		};
/* End XCConfigurationList section */
	};
	rootObject = 1D266FE11D671F0400D72C0C /* Project object */;
}
